<?xml version="1.0" encoding="utf-8"?>
<Project ToolsVersion="4.0" xmlns="http://schemas.microsoft.com/developer/msbuild/2003">
  <ItemGroup>
    <Filter Include="Source Files">
      <UniqueIdentifier>{4FC737F1-C7A5-4376-A066-2A32D752A2FF}</UniqueIdentifier>
      <Extensions>cpp;c;cc;cxx;def;odl;idl;hpj;bat;asm;asmx</Extensions>
    </Filter>
    <Filter Include="Header Files">
      <UniqueIdentifier>{93995380-89BD-4b04-88EB-625FBE52EBFB}</UniqueIdentifier>
      <Extensions>h;hpp;hxx;hm;inl;inc;xsd</Extensions>
    </Filter>
    <Filter Include="Resource Files">
      <UniqueIdentifier>{67DA6AB6-F800-4c08-8B7A-83BB121AAD01}</UniqueIdentifier>
      <Extensions>rc;ico;cur;bmp;dlg;rc2;rct;bin;rgs;gif;jpg;jpeg;jpe;resx;tiff;tif;png;wav;mfcribbon-ms</Extensions>
    </Filter>
    <Filter Include="GUI">
      <UniqueIdentifier>{7761b5fa-06bf-4d0a-96b1-49ba49ab7c64}</UniqueIdentifier>
    </Filter>
    <Filter Include="GUI\Elements">
      <UniqueIdentifier>{8a4979fc-c136-4af2-81c2-5a9f3546f6f0}</UniqueIdentifier>
    </Filter>
    <Filter Include="GUI\Canvas">
      <UniqueIdentifier>{bc2c9407-aeeb-4486-8ac7-c076214ac72e}</UniqueIdentifier>
    </Filter>
    <Filter Include="States">
      <UniqueIdentifier>{a0b4f37e-90a7-4745-95e3-64a9e6ee85f0}</UniqueIdentifier>
    </Filter>
    <Filter Include="States\MainMenu">
      <UniqueIdentifier>{21b80cc6-6bc6-4775-8f85-0d9abc5b4f58}</UniqueIdentifier>
    </Filter>
  </ItemGroup>
  <ItemGroup>
    <ClCompile Include="Application.cpp">
      <Filter>Source Files</Filter>
    </ClCompile>
    <ClCompile Include="main.cpp">
      <Filter>Source Files</Filter>
    </ClCompile>
    <ClCompile Include="StdAfx.cpp">
      <Filter>Source Files</Filter>
    </ClCompile>
    <ClCompile Include="PaddocksFrameListener.cpp">
      <Filter>Source Files</Filter>
    </ClCompile>
    <ClCompile Include="ConfigIni.cpp">
      <Filter>Source Files</Filter>
    </ClCompile>
    <ClCompile Include="GUI\GUICanvas.cpp">
      <Filter>GUI</Filter>
    </ClCompile>
    <ClCompile Include="GUI\GUIBox.cpp">
      <Filter>GUI\Elements</Filter>
    </ClCompile>
    <ClCompile Include="GUI\GUIButton.cpp">
      <Filter>GUI\Elements</Filter>
    </ClCompile>
    <ClCompile Include="GUI\GUILabel.cpp">
      <Filter>GUI\Elements</Filter>
    </ClCompile>
    <ClCompile Include="GUI\GUITextBox.cpp">
      <Filter>GUI\Elements</Filter>
    </ClCompile>
    <ClCompile Include="GUI\GUITextList.cpp">
      <Filter>GUI\Elements</Filter>
    </ClCompile>
    <ClCompile Include="GUI\Atlas.cpp">
      <Filter>GUI\Canvas</Filter>
    </ClCompile>
    <ClCompile Include="GUI\Canvas.cpp">
      <Filter>GUI\Canvas</Filter>
    </ClCompile>
    <ClCompile Include="MainMenuState.cpp">
      <Filter>States\MainMenu</Filter>
    </ClCompile>
  </ItemGroup>
  <ItemGroup>
    <ClInclude Include="Application.h">
      <Filter>Header Files</Filter>
    </ClInclude>
    <ClInclude Include="StdAfx.h">
      <Filter>Header Files</Filter>
    </ClInclude>
    <ClInclude Include="PaddocksFrameListener.h">
      <Filter>Header Files</Filter>
    </ClInclude>
    <ClInclude Include="ConfigIni.h">
      <Filter>Header Files</Filter>
    </ClInclude>
    <ClInclude Include="CompileSettings.h">
      <Filter>Header Files</Filter>
    </ClInclude>
    <ClInclude Include="GUI\GUICanvas.h">
      <Filter>GUI</Filter>
    </ClInclude>
    <ClInclude Include="GUI\GUIDelegate.h">
      <Filter>GUI</Filter>
    </ClInclude>
    <ClInclude Include="GUI\GUIBox.h">
      <Filter>GUI\Elements</Filter>
    </ClInclude>
    <ClInclude Include="GUI\GUIButton.h">
      <Filter>GUI\Elements</Filter>
    </ClInclude>
    <ClInclude Include="GUI\GUILabel.h">
      <Filter>GUI\Elements</Filter>
    </ClInclude>
    <ClInclude Include="GUI\GUITextBox.h">
      <Filter>GUI\Elements</Filter>
    </ClInclude>
    <ClInclude Include="GUI\GUITextList.h">
      <Filter>GUI\Elements</Filter>
    </ClInclude>
    <ClInclude Include="GUI\Atlas.h">
      <Filter>GUI\Canvas</Filter>
    </ClInclude>
    <ClInclude Include="GUI\Canvas.h">
      <Filter>GUI\Canvas</Filter>
    </ClInclude>
    <ClInclude Include="GameState.h">
      <Filter>States</Filter>
    </ClInclude>
    <ClInclude Include="MainMenuState.h">
      <Filter>States\MainMenu</Filter>
    </ClInclude>
    <ClInclude Include="Structs.h">
      <Filter>Header Files</Filter>
    </ClInclude>
  </ItemGroup>
  <ItemGroup>
    <None Include="GUI\README.txt">
      <Filter>GUI</Filter>
    </None>
    <None Include="GUI\LICENSE.txt">
      <Filter>GUI</Filter>
    </None>
  </ItemGroup>
</Project>